
Microsoft Visual Studio Solution File, Format Version 12.00
Project("{FAE04EC0-301F-11D3-BF4B-00C04F79EFBC}") = "ScaryCavesWeb", "ScaryCavesWeb.csproj", "{1C72B69E-A8F4-4B8D-A0E5-BECD7BC0EF02}"
EndProject
Global
	GlobalSection(SolutionConfigurationPlatforms) = preSolution
		Debug|Any CPU = Debug|Any CPU
		Release|Any CPU = Release|Any CPU
	EndGlobalSection
	GlobalSection(ProjectConfigurationPlatforms) = postSolution
		{1C72B69E-A8F4-4B8D-A0E5-BECD7BC0EF02}.Debug|Any CPU.ActiveCfg = Debug|Any CPU
		{1C72B69E-A8F4-4B8D-A0E5-BECD7BC0EF02}.Debug|Any CPU.Build.0 = Debug|Any CPU
		{1C72B69E-A8F4-4B8D-A0E5-BECD7BC0EF02}.Release|Any CPU.ActiveCfg = Release|Any CPU
		{1C72B69E-A8F4-4B8D-A0E5-BECD7BC0EF02}.Release|Any CPU.Build.0 = Release|Any CPU
	EndGlobalSection
EndGlobal
